
Microsoft Visual Studio Solution File, Format Version 12.00
# Visual Studio Version 18
VisualStudioVersion = 18.7.11903.348 stable
MinimumVisualStudioVersion = 10.0.40219.1
Project("{FAE04EC0-301F-11D3-BF4B-00C04F79EFBC}") = "PA4_Bilder", "PA4_Bilder/PA4_Bilder.csproj", "{56C65FFC-CD5A-3F63-02D5-83A0D8D68D7B}"
EndProject
Global
	GlobalSection(SolutionConfigurationPlatforms) = preSolution
		Debug|Any CPU = Debug|Any CPU
		Release|Any CPU = Release|Any CPU
	EndGlobalSection
	GlobalSection(ProjectConfigurationPlatforms) = postSolution
		{56C65FFC-CD5A-3F63-02D5-83A0D8D68D7B}.Debug|Any CPU.ActiveCfg = Debug|Any CPU
		{56C65FFC-CD5A-3F63-02D5-83A0D8D68D7B}.Debug|Any CPU.Build.0 = Debug|Any CPU
		{56C65FFC-CD5A-3F63-02D5-83A0D8D68D7B}.Release|Any CPU.ActiveCfg = Release|Any CPU
		{56C65FFC-CD5A-3F63-02D5-83A0D8D68D7B}.Release|Any CPU.Build.0 = Release|Any CPU
	EndGlobalSection
	GlobalSection(SolutionProperties) = preSolution
		HideSolutionNode = FALSE
	EndGlobalSection
	GlobalSection(ExtensibilityGlobals) = postSolution
		SolutionGuid = {5290B746-9D84-41FE-9C29-80670BA59397}
	EndGlobalSection
EndGlobal
