
Microsoft Visual Studio Solution File, Format Version 12.00
# Visual Studio Version 17
VisualStudioVersion = 17.14.36518.9 d17.14
MinimumVisualStudioVersion = 10.0.40219.1
Project("{FAE04EC0-301F-11D3-BF4B-00C04F79EFBC}") = "Waldwunder", "Waldwunder\Waldwunder.csproj", "{3D1A780A-B503-4A85-9628-F9CFE2E06C0A}"
EndProject
Global
	GlobalSection(SolutionConfigurationPlatforms) = preSolution
		Debug|Any CPU = Debug|Any CPU
		Release|Any CPU = Release|Any CPU
	EndGlobalSection
	GlobalSection(ProjectConfigurationPlatforms) = postSolution
		{3D1A780A-B503-4A85-9628-F9CFE2E06C0A}.Debug|Any CPU.ActiveCfg = Debug|Any CPU
		{3D1A780A-B503-4A85-9628-F9CFE2E06C0A}.Debug|Any CPU.Build.0 = Debug|Any CPU
		{3D1A780A-B503-4A85-9628-F9CFE2E06C0A}.Release|Any CPU.ActiveCfg = Release|Any CPU
		{3D1A780A-B503-4A85-9628-F9CFE2E06C0A}.Release|Any CPU.Build.0 = Release|Any CPU
	EndGlobalSection
	GlobalSection(SolutionProperties) = preSolution
		HideSolutionNode = FALSE
	EndGlobalSection
	GlobalSection(ExtensibilityGlobals) = postSolution
		SolutionGuid = {8499252B-A7FB-4C61-A544-774B8D8CC2D5}
	EndGlobalSection
EndGlobal
