
Microsoft Visual Studio Solution File, Format Version 12.00
# Visual Studio Version 17
VisualStudioVersion = 17.14.36518.9 d17.14
MinimumVisualStudioVersion = 10.0.40219.1
Project("{FAE04EC0-301F-11D3-BF4B-00C04F79EFBC}") = "Video-Player", "Video-Player\Video-Player.csproj", "{42B77801-21C6-472A-888F-4090F33BBDDD}"
EndProject
Global
	GlobalSection(SolutionConfigurationPlatforms) = preSolution
		Debug|Any CPU = Debug|Any CPU
		Release|Any CPU = Release|Any CPU
	EndGlobalSection
	GlobalSection(ProjectConfigurationPlatforms) = postSolution
		{42B77801-21C6-472A-888F-4090F33BBDDD}.Debug|Any CPU.ActiveCfg = Debug|Any CPU
		{42B77801-21C6-472A-888F-4090F33BBDDD}.Debug|Any CPU.Build.0 = Debug|Any CPU
		{42B77801-21C6-472A-888F-4090F33BBDDD}.Release|Any CPU.ActiveCfg = Release|Any CPU
		{42B77801-21C6-472A-888F-4090F33BBDDD}.Release|Any CPU.Build.0 = Release|Any CPU
	EndGlobalSection
	GlobalSection(SolutionProperties) = preSolution
		HideSolutionNode = FALSE
	EndGlobalSection
	GlobalSection(ExtensibilityGlobals) = postSolution
		SolutionGuid = {DB2F007B-E543-4B59-AAF8-E1F0FB16BA30}
	EndGlobalSection
EndGlobal
