
Microsoft Visual Studio Solution File, Format Version 12.00
# Visual Studio Version 17
VisualStudioVersion = 17.14.36518.9
MinimumVisualStudioVersion = 10.0.40219.1
Project("{FAE04EC0-301F-11D3-BF4B-00C04F79EFBC}") = "Server", "Server\Server.csproj", "{0422D637-A444-43D8-B8D7-CE16432F0F1B}"
EndProject
Project("{FAE04EC0-301F-11D3-BF4B-00C04F79EFBC}") = "Client", "..\Client\Client.csproj", "{AA3E85C2-23EB-4DA6-92CC-235DD1545888}"
EndProject
Project("{FAE04EC0-301F-11D3-BF4B-00C04F79EFBC}") = "NetworkLibrary", "NetworkLibrary\NetworkLibrary.csproj", "{9389937B-3633-4862-A0B6-FB7EF91608C5}"
EndProject
Project("{2150E333-8FDC-42A3-9474-1A3956D46DE8}") = "Model", "Model", "{84D27F74-D2BA-6C25-2661-968F101900D9}"
	ProjectSection(SolutionItems) = preProject
		Model.db = Model.db
	EndProjectSection
EndProject
Global
	GlobalSection(SolutionConfigurationPlatforms) = preSolution
		Debug|Any CPU = Debug|Any CPU
		Release|Any CPU = Release|Any CPU
	EndGlobalSection
	GlobalSection(ProjectConfigurationPlatforms) = postSolution
		{0422D637-A444-43D8-B8D7-CE16432F0F1B}.Debug|Any CPU.ActiveCfg = Debug|Any CPU
		{0422D637-A444-43D8-B8D7-CE16432F0F1B}.Debug|Any CPU.Build.0 = Debug|Any CPU
		{0422D637-A444-43D8-B8D7-CE16432F0F1B}.Release|Any CPU.ActiveCfg = Release|Any CPU
		{0422D637-A444-43D8-B8D7-CE16432F0F1B}.Release|Any CPU.Build.0 = Release|Any CPU
		{AA3E85C2-23EB-4DA6-92CC-235DD1545888}.Debug|Any CPU.ActiveCfg = Debug|Any CPU
		{AA3E85C2-23EB-4DA6-92CC-235DD1545888}.Debug|Any CPU.Build.0 = Debug|Any CPU
		{AA3E85C2-23EB-4DA6-92CC-235DD1545888}.Release|Any CPU.ActiveCfg = Release|Any CPU
		{AA3E85C2-23EB-4DA6-92CC-235DD1545888}.Release|Any CPU.Build.0 = Release|Any CPU
		{9389937B-3633-4862-A0B6-FB7EF91608C5}.Debug|Any CPU.ActiveCfg = Debug|Any CPU
		{9389937B-3633-4862-A0B6-FB7EF91608C5}.Debug|Any CPU.Build.0 = Debug|Any CPU
		{9389937B-3633-4862-A0B6-FB7EF91608C5}.Release|Any CPU.ActiveCfg = Release|Any CPU
		{9389937B-3633-4862-A0B6-FB7EF91608C5}.Release|Any CPU.Build.0 = Release|Any CPU
	EndGlobalSection
	GlobalSection(SolutionProperties) = preSolution
		HideSolutionNode = FALSE
	EndGlobalSection
	GlobalSection(ExtensibilityGlobals) = postSolution
		SolutionGuid = {3F08AC8B-E81B-4B4C-9590-48D4AC133736}
	EndGlobalSection
EndGlobal
